{
  "name": "@software-security-lab/chaum-pedersen",
  "version": "1.0.3",
  "lockfileVersion": 2,
  "requires": true,
  "packages": {
    "": {
      "name": "@software-security-lab/chaum-pedersen",
      "version": "1.0.3",
      "license": "ISC",
      "dependencies": {
        "basic_simple_elgamal": "^2.4.4",
        "big-integer": "^1.6.48",
        "debug": "^4.3.1",
        "js-sha3": "^0.8.0"
      }
    },
    "node_modules/basic_simple_elgamal": {
      "version": "2.4.9",
      "resolved": "https://registry.npmjs.org/basic_simple_elgamal/-/basic_simple_elgamal-2.4.9.tgz",
      "integrity": "sha512-cR1qHLl4whmaQjobdiIUY17qOoKFYKvkPACcMrx76zZWlIGmTNp5kta6U9TLxX8VM+XOV1L1LgUF82uv1gjtbQ==",
      "dependencies": {
        "big-integer": "^1.6.48",
        "debug": "^4.3.1",
        "jsbn": "^1.1.0",
        "threads": "^1.6.5"
      }
    },
    "node_modules/big-integer": {
      "version": "1.6.48",
      "resolved": "https://registry.npmjs.org/big-integer/-/big-integer-1.6.48.tgz",
      "integrity": "sha512-j51egjPa7/i+RdiRuJbPdJ2FIUYYPhvYLjzoYbcMMm62ooO6F94fETG4MTs46zPAF9Brs04OajboA/qTGuz78w==",
      "engines": {
        "node": ">=0.6"
      }
    },
    "node_modules/callsites": {
      "version": "3.1.0",
      "resolved": "https://registry.npmjs.org/callsites/-/callsites-3.1.0.tgz",
      "integrity": "sha512-P8BjAsXvZS+VIDUI11hHCQEv74YT67YUi5JJFNWIqL235sBmjX4+qx9Muvls5ivyNENctx46xQLQ3aTuE7ssaQ==",
      "engines": {
        "node": ">=6"
      }
    },
    "node_modules/debug": {
      "version": "4.3.2",
      "resolved": "https://registry.npmjs.org/debug/-/debug-4.3.2.tgz",
      "integrity": "sha512-mOp8wKcvj7XxC78zLgw/ZA+6TSgkoE2C/ienthhRD298T7UNwAg9diBpLRxC0mOezLl4B0xV7M0cCO6P/O0Xhw==",
      "dependencies": {
        "ms": "2.1.2"
      },
      "engines": {
        "node": ">=6.0"
      },
      "peerDependenciesMeta": {
        "supports-color": {
          "optional": true
        }
      }
    },
    "node_modules/esm": {
      "version": "3.2.25",
      "resolved": "https://registry.npmjs.org/esm/-/esm-3.2.25.tgz",
      "integrity": "sha512-U1suiZ2oDVWv4zPO56S0NcR5QriEahGtdN2OR6FiOG4WJvcjBVFB0qI4+eKoWFH483PKGuLuu6V8Z4T5g63UVA==",
      "optional": true,
      "engines": {
        "node": ">=6"
      }
    },
    "node_modules/is-observable": {
      "version": "2.1.0",
      "resolved": "https://registry.npmjs.org/is-observable/-/is-observable-2.1.0.tgz",
      "integrity": "sha512-DailKdLb0WU+xX8K5w7VsJhapwHLZ9jjmazqCJq4X12CTgqq73TKnbRcnSLuXYPOoLQgV5IrD7ePiX/h1vnkBw==",
      "engines": {
        "node": ">=8"
      },
      "funding": {
        "url": "https://github.com/sponsors/sindresorhus"
      }
    },
    "node_modules/js-sha3": {
      "version": "0.8.0",
      "resolved": "https://registry.npmjs.org/js-sha3/-/js-sha3-0.8.0.tgz",
      "integrity": "sha512-gF1cRrHhIzNfToc802P800N8PpXS+evLLXfsVpowqmAFR9uwbi89WvXg2QspOmXL8QL86J4T1EpFu+yUkwJY3Q=="
    },
    "node_modules/jsbn": {
      "version": "1.1.0",
      "resolved": "https://registry.npmjs.org/jsbn/-/jsbn-1.1.0.tgz",
      "integrity": "sha1-sBMHyym2GKHtJux56RH4A8TaAEA="
    },
    "node_modules/ms": {
      "version": "2.1.2",
      "resolved": "https://registry.npmjs.org/ms/-/ms-2.1.2.tgz",
      "integrity": "sha512-sGkPx+VjMtmA6MX27oA4FBFELFCZZ4S4XqeGOXCv68tT+jb3vk/RyaKWP0PTKyWtmLSM0b+adUTEvbs1PEaH2w=="
    },
    "node_modules/observable-fns": {
      "version": "0.6.1",
      "resolved": "https://registry.npmjs.org/observable-fns/-/observable-fns-0.6.1.tgz",
      "integrity": "sha512-9gRK4+sRWzeN6AOewNBTLXir7Zl/i3GB6Yl26gK4flxz8BXVpD3kt8amREmWNb0mxYOGDotvE5a4N+PtGGKdkg=="
    },
    "node_modules/threads": {
      "version": "1.6.5",
      "resolved": "https://registry.npmjs.org/threads/-/threads-1.6.5.tgz",
      "integrity": "sha512-yL1NN4qZ25crW8wDoGn7TqbENJ69w3zCEjIGXpbqmQ4I+QHrG8+DLaZVKoX74OQUXWCI2lbbrUxDxAbr1xjDGQ==",
      "dependencies": {
        "callsites": "^3.1.0",
        "debug": "^4.2.0",
        "is-observable": "^2.1.0",
        "observable-fns": "^0.6.1"
      },
      "funding": {
        "url": "https://github.com/andywer/threads.js?sponsor=1"
      },
      "optionalDependencies": {
        "tiny-worker": ">= 2"
      }
    },
    "node_modules/tiny-worker": {
      "version": "2.3.0",
      "resolved": "https://registry.npmjs.org/tiny-worker/-/tiny-worker-2.3.0.tgz",
      "integrity": "sha512-pJ70wq5EAqTAEl9IkGzA+fN0836rycEuz2Cn6yeZ6FRzlVS5IDOkFHpIoEsksPRQV34GDqXm65+OlnZqUSyK2g==",
      "optional": true,
      "dependencies": {
        "esm": "^3.2.25"
      }
    }
  },
  "dependencies": {
    "basic_simple_elgamal": {
      "version": "2.4.9",
      "resolved": "https://registry.npmjs.org/basic_simple_elgamal/-/basic_simple_elgamal-2.4.9.tgz",
      "integrity": "sha512-cR1qHLl4whmaQjobdiIUY17qOoKFYKvkPACcMrx76zZWlIGmTNp5kta6U9TLxX8VM+XOV1L1LgUF82uv1gjtbQ==",
      "requires": {
        "big-integer": "^1.6.48",
        "debug": "^4.3.1",
        "jsbn": "^1.1.0",
        "threads": "^1.6.5"
      }
    },
    "big-integer": {
      "version": "1.6.48",
      "resolved": "https://registry.npmjs.org/big-integer/-/big-integer-1.6.48.tgz",
      "integrity": "sha512-j51egjPa7/i+RdiRuJbPdJ2FIUYYPhvYLjzoYbcMMm62ooO6F94fETG4MTs46zPAF9Brs04OajboA/qTGuz78w=="
    },
    "callsites": {
      "version": "3.1.0",
      "resolved": "https://registry.npmjs.org/callsites/-/callsites-3.1.0.tgz",
      "integrity": "sha512-P8BjAsXvZS+VIDUI11hHCQEv74YT67YUi5JJFNWIqL235sBmjX4+qx9Muvls5ivyNENctx46xQLQ3aTuE7ssaQ=="
    },
    "debug": {
      "version": "4.3.2",
      "resolved": "https://registry.npmjs.org/debug/-/debug-4.3.2.tgz",
      "integrity": "sha512-mOp8wKcvj7XxC78zLgw/ZA+6TSgkoE2C/ienthhRD298T7UNwAg9diBpLRxC0mOezLl4B0xV7M0cCO6P/O0Xhw==",
      "requires": {
        "ms": "2.1.2"
      }
    },
    "esm": {
      "version": "3.2.25",
      "resolved": "https://registry.npmjs.org/esm/-/esm-3.2.25.tgz",
      "integrity": "sha512-U1suiZ2oDVWv4zPO56S0NcR5QriEahGtdN2OR6FiOG4WJvcjBVFB0qI4+eKoWFH483PKGuLuu6V8Z4T5g63UVA==",
      "optional": true
    },
    "is-observable": {
      "version": "2.1.0",
      "resolved": "https://registry.npmjs.org/is-observable/-/is-observable-2.1.0.tgz",
      "integrity": "sha512-DailKdLb0WU+xX8K5w7VsJhapwHLZ9jjmazqCJq4X12CTgqq73TKnbRcnSLuXYPOoLQgV5IrD7ePiX/h1vnkBw=="
    },
    "js-sha3": {
      "version": "0.8.0",
      "resolved": "https://registry.npmjs.org/js-sha3/-/js-sha3-0.8.0.tgz",
      "integrity": "sha512-gF1cRrHhIzNfToc802P800N8PpXS+evLLXfsVpowqmAFR9uwbi89WvXg2QspOmXL8QL86J4T1EpFu+yUkwJY3Q=="
    },
    "jsbn": {
      "version": "1.1.0",
      "resolved": "https://registry.npmjs.org/jsbn/-/jsbn-1.1.0.tgz",
      "integrity": "sha1-sBMHyym2GKHtJux56RH4A8TaAEA="
    },
    "ms": {
      "version": "2.1.2",
      "resolved": "https://registry.npmjs.org/ms/-/ms-2.1.2.tgz",
      "integrity": "sha512-sGkPx+VjMtmA6MX27oA4FBFELFCZZ4S4XqeGOXCv68tT+jb3vk/RyaKWP0PTKyWtmLSM0b+adUTEvbs1PEaH2w=="
    },
    "observable-fns": {
      "version": "0.6.1",
      "resolved": "https://registry.npmjs.org/observable-fns/-/observable-fns-0.6.1.tgz",
      "integrity": "sha512-9gRK4+sRWzeN6AOewNBTLXir7Zl/i3GB6Yl26gK4flxz8BXVpD3kt8amREmWNb0mxYOGDotvE5a4N+PtGGKdkg=="
    },
    "threads": {
      "version": "1.6.5",
      "resolved": "https://registry.npmjs.org/threads/-/threads-1.6.5.tgz",
      "integrity": "sha512-yL1NN4qZ25crW8wDoGn7TqbENJ69w3zCEjIGXpbqmQ4I+QHrG8+DLaZVKoX74OQUXWCI2lbbrUxDxAbr1xjDGQ==",
      "requires": {
        "callsites": "^3.1.0",
        "debug": "^4.2.0",
        "is-observable": "^2.1.0",
        "observable-fns": "^0.6.1",
        "tiny-worker": ">= 2"
      }
    },
    "tiny-worker": {
      "version": "2.3.0",
      "resolved": "https://registry.npmjs.org/tiny-worker/-/tiny-worker-2.3.0.tgz",
      "integrity": "sha512-pJ70wq5EAqTAEl9IkGzA+fN0836rycEuz2Cn6yeZ6FRzlVS5IDOkFHpIoEsksPRQV34GDqXm65+OlnZqUSyK2g==",
      "optional": true,
      "requires": {
        "esm": "^3.2.25"
      }
    }
  }
}
